PODS:
  - Spring (1.0.3)

DEPENDENCIES:
  - Spring (from `https://github.com/MengTo/Spring.git`, branch `swift3`)

EXTERNAL SOURCES:
  Spring:
    :branch: swift3
    :git: https://github.com/MengTo/Spring.git

CHECKOUT OPTIONS:
  Spring:
    :commit: 3a9227c6e9157e7b47f5ac1ee5abab2a56b50002
    :git: https://github.com/MengTo/Spring.git

SPEC CHECKSUMS:
  Spring: 3f02b5dc3308572ef177b3cad0fa7bbc4b0706f7

PODFILE CHECKSUM: 541db49d5a377fc6464d2cae276c228e49312a7c

COCOAPODS: 1.1.0
